
Microsoft Visual Studio Solution File, Format Version 12.00
# Visual Studio Version 17
VisualStudioVersion = 17.5.33502.453
MinimumVisualStudioVersion = 10.0.40219.1
Project("{FAE04EC0-301F-11D3-BF4B-00C04F79EFBC}") = "TicketManagement", "TicketManagenement\TicketManagement.csproj", "{22B35430-7CAB-4D7C-8401-2B2FBCEC12F6}"
EndProject
Global
	GlobalSection(SolutionConfigurationPlatforms) = preSolution
		Debug|Any CPU = Debug|Any CPU
		Release|Any CPU = Release|Any CPU
	EndGlobalSection
	GlobalSection(ProjectConfigurationPlatforms) = postSolution
		{22B35430-7CAB-4D7C-8401-2B2FBCEC12F6}.Debug|Any CPU.ActiveCfg = Debug|Any CPU
		{22B35430-7CAB-4D7C-8401-2B2FBCEC12F6}.Debug|Any CPU.Build.0 = Debug|Any CPU
		{22B35430-7CAB-4D7C-8401-2B2FBCEC12F6}.Release|Any CPU.ActiveCfg = Release|Any CPU
		{22B35430-7CAB-4D7C-8401-2B2FBCEC12F6}.Release|Any CPU.Build.0 = Release|Any CPU
	EndGlobalSection
	GlobalSection(SolutionProperties) = preSolution
		HideSolutionNode = FALSE
	EndGlobalSection
	GlobalSection(ExtensibilityGlobals) = postSolution
		SolutionGuid = {0D4A0973-1C97-4D9C-9B96-12D40B9ED369}
	EndGlobalSection
EndGlobal
